
Microsoft Visual Studio Solution File, Format Version 12.00
# Visual Studio 15
VisualStudioVersion = 15.0.26228.4
MinimumVisualStudioVersion = 10.0.40219.1
Project("{8BC9CEB8-8B4A-11D0-8D11-00A0C91BC942}") = "Listen", "Demo\Demo.vcxproj", "{C8C7BDEB-946E-4FA5-9B26-C06DA77E5959}"
EndProject
Project("{8BC9CEB8-8B4A-11D0-8D11-00A0C91BC942}") = "Call", "Call\Call.vcxproj", "{D2251DF8-E809-426C-92F5-273A756ABD30}"
EndProject
Global
	GlobalSection(SolutionConfigurationPlatforms) = preSolution
		Debug|x64 = Debug|x64
		Debug|x86 = Debug|x86
		Release|x64 = Release|x64
		Release|x86 = Release|x86
	EndGlobalSection
	GlobalSection(ProjectConfigurationPlatforms) = postSolution
		{C8C7BDEB-946E-4FA5-9B26-C06DA77E5959}.Debug|x64.ActiveCfg = Debug|x64
		{C8C7BDEB-946E-4FA5-9B26-C06DA77E5959}.Debug|x64.Build.0 = Debug|x64
		{C8C7BDEB-946E-4FA5-9B26-C06DA77E5959}.Debug|x86.ActiveCfg = Debug|Win32
		{C8C7BDEB-946E-4FA5-9B26-C06DA77E5959}.Debug|x86.Build.0 = Debug|Win32
		{C8C7BDEB-946E-4FA5-9B26-C06DA77E5959}.Release|x64.ActiveCfg = Release|x64
		{C8C7BDEB-946E-4FA5-9B26-C06DA77E5959}.Release|x64.Build.0 = Release|x64
		{C8C7BDEB-946E-4FA5-9B26-C06DA77E5959}.Release|x86.ActiveCfg = Release|Win32
		{C8C7BDEB-946E-4FA5-9B26-C06DA77E5959}.Release|x86.Build.0 = Release|Win32
		{D2251DF8-E809-426C-92F5-273A756ABD30}.Debug|x64.ActiveCfg = Debug|x64
		{D2251DF8-E809-426C-92F5-273A756ABD30}.Debug|x64.Build.0 = Debug|x64
		{D2251DF8-E809-426C-92F5-273A756ABD30}.Debug|x86.ActiveCfg = Debug|Win32
		{D2251DF8-E809-426C-92F5-273A756ABD30}.Debug|x86.Build.0 = Debug|Win32
		{D2251DF8-E809-426C-92F5-273A756ABD30}.Release|x64.ActiveCfg = Release|x64
		{D2251DF8-E809-426C-92F5-273A756ABD30}.Release|x64.Build.0 = Release|x64
		{D2251DF8-E809-426C-92F5-273A756ABD30}.Release|x86.ActiveCfg = Release|Win32
		{D2251DF8-E809-426C-92F5-273A756ABD30}.Release|x86.Build.0 = Release|Win32
	EndGlobalSection
	GlobalSection(SolutionProperties) = preSolution
		HideSolutionNode = FALSE
	EndGlobalSection
EndGlobal
